
Microsoft Visual Studio Solution File, Format Version 12.00
# Visual Studio Version 16
VisualStudioVersion = 16.0.31515.178
MinimumVisualStudioVersion = 10.0.40219.1
Project("{888888A0-9F3D-457C-B088-3A5042F75D52}") = "func_nonlocal", "func_nonlocal\func_nonlocal.pyproj", "{9ACF5FC1-1F09-42F2-9CF8-17D259521FBA}"
EndProject
Global
	GlobalSection(SolutionConfigurationPlatforms) = preSolution
		Debug|Any CPU = Debug|Any CPU
		Release|Any CPU = Release|Any CPU
	EndGlobalSection
	GlobalSection(ProjectConfigurationPlatforms) = postSolution
		{9ACF5FC1-1F09-42F2-9CF8-17D259521FBA}.Debug|Any CPU.ActiveCfg = Debug|Any CPU
		{9ACF5FC1-1F09-42F2-9CF8-17D259521FBA}.Release|Any CPU.ActiveCfg = Release|Any CPU
	EndGlobalSection
	GlobalSection(SolutionProperties) = preSolution
		HideSolutionNode = FALSE
	EndGlobalSection
	GlobalSection(ExtensibilityGlobals) = postSolution
		SolutionGuid = {E386B611-531F-4273-A024-54260A41A744}
	EndGlobalSection
EndGlobal
