
Microsoft Visual Studio Solution File, Format Version 12.00
# Visual Studio Version 16
VisualStudioVersion = 16.0.31515.178
MinimumVisualStudioVersion = 10.0.40219.1
Project("{888888A0-9F3D-457C-B088-3A5042F75D52}") = "func_local", "func_local\func_local.pyproj", "{097B245A-84D3-4AE0-89AF-E9A31C71E404}"
EndProject
Global
	GlobalSection(SolutionConfigurationPlatforms) = preSolution
		Debug|Any CPU = Debug|Any CPU
		Release|Any CPU = Release|Any CPU
	EndGlobalSection
	GlobalSection(ProjectConfigurationPlatforms) = postSolution
		{097B245A-84D3-4AE0-89AF-E9A31C71E404}.Debug|Any CPU.ActiveCfg = Debug|Any CPU
		{097B245A-84D3-4AE0-89AF-E9A31C71E404}.Release|Any CPU.ActiveCfg = Release|Any CPU
	EndGlobalSection
	GlobalSection(SolutionProperties) = preSolution
		HideSolutionNode = FALSE
	EndGlobalSection
	GlobalSection(ExtensibilityGlobals) = postSolution
		SolutionGuid = {97F64D24-F3F1-4DA5-B96E-383CBE236BE8}
	EndGlobalSection
EndGlobal
