
Microsoft Visual Studio Solution File, Format Version 12.00
# Visual Studio Version 16
VisualStudioVersion = 16.0.31515.178
MinimumVisualStudioVersion = 10.0.40219.1
Project("{888888A0-9F3D-457C-B088-3A5042F75D52}") = "str_format", "str_format\str_format.pyproj", "{6EA93707-D804-485A-8FFB-91C1B5DB1E22}"
EndProject
Global
	GlobalSection(SolutionConfigurationPlatforms) = preSolution
		Debug|Any CPU = Debug|Any CPU
		Release|Any CPU = Release|Any CPU
	EndGlobalSection
	GlobalSection(ProjectConfigurationPlatforms) = postSolution
		{6EA93707-D804-485A-8FFB-91C1B5DB1E22}.Debug|Any CPU.ActiveCfg = Debug|Any CPU
		{6EA93707-D804-485A-8FFB-91C1B5DB1E22}.Release|Any CPU.ActiveCfg = Release|Any CPU
	EndGlobalSection
	GlobalSection(SolutionProperties) = preSolution
		HideSolutionNode = FALSE
	EndGlobalSection
	GlobalSection(ExtensibilityGlobals) = postSolution
		SolutionGuid = {6779DA14-B0A1-4582-88E3-2492B13440E6}
	EndGlobalSection
EndGlobal
